
Microsoft Visual Studio Solution File, Format Version 12.00
# Visual Studio Version 17
VisualStudioVersion = 17.12.35527.113
MinimumVisualStudioVersion = 10.0.40219.1
Project("{FAE04EC0-301F-11D3-BF4B-00C04F79EFBC}") = "GameStoreApp", "GameStoreApp\GameStoreApp.csproj", "{D7568D66-2407-4A7B-B9B2-FCF2B97564EE}"
EndProject
Project("{FAE04EC0-301F-11D3-BF4B-00C04F79EFBC}") = "GameShippingTracker", "GameShippingTracker\GameShippingTracker.csproj", "{4D69C20B-8A72-4CBD-A309-5F428FB05EAC}"
EndProject
Project("{FAE04EC0-301F-11D3-BF4B-00C04F79EFBC}") = "GameStorePointsRewardsSystem", "GameStorePointsRewardsSystem\GameStorePointsRewardsSystem.csproj", "{CA036462-133F-48A1-8BF1-2C768AAB5906}"
EndProject
Project("{FAE04EC0-301F-11D3-BF4B-00C04F79EFBC}") = "GameStoreAPI", "GameStoreAPI\GameStoreAPI.csproj", "{5D3B9DCA-1A19-4934-9289-00700FEAF7E3}"
EndProject
Project("{FAE04EC0-301F-11D3-BF4B-00C04F79EFBC}") = "GameStoreData", "GameStoreData\GameStoreData.csproj", "{8B15E141-2FD5-43EC-9F5E-1438FA30F08C}"
EndProject
Global
	GlobalSection(SolutionConfigurationPlatforms) = preSolution
		Debug|Any CPU = Debug|Any CPU
		Release|Any CPU = Release|Any CPU
	EndGlobalSection
	GlobalSection(ProjectConfigurationPlatforms) = postSolution
		{D7568D66-2407-4A7B-B9B2-FCF2B97564EE}.Debug|Any CPU.ActiveCfg = Debug|Any CPU
		{D7568D66-2407-4A7B-B9B2-FCF2B97564EE}.Debug|Any CPU.Build.0 = Debug|Any CPU
		{D7568D66-2407-4A7B-B9B2-FCF2B97564EE}.Release|Any CPU.ActiveCfg = Release|Any CPU
		{D7568D66-2407-4A7B-B9B2-FCF2B97564EE}.Release|Any CPU.Build.0 = Release|Any CPU
		{4D69C20B-8A72-4CBD-A309-5F428FB05EAC}.Debug|Any CPU.ActiveCfg = Debug|Any CPU
		{4D69C20B-8A72-4CBD-A309-5F428FB05EAC}.Debug|Any CPU.Build.0 = Debug|Any CPU
		{4D69C20B-8A72-4CBD-A309-5F428FB05EAC}.Release|Any CPU.ActiveCfg = Release|Any CPU
		{4D69C20B-8A72-4CBD-A309-5F428FB05EAC}.Release|Any CPU.Build.0 = Release|Any CPU
		{CA036462-133F-48A1-8BF1-2C768AAB5906}.Debug|Any CPU.ActiveCfg = Debug|Any CPU
		{CA036462-133F-48A1-8BF1-2C768AAB5906}.Debug|Any CPU.Build.0 = Debug|Any CPU
		{CA036462-133F-48A1-8BF1-2C768AAB5906}.Release|Any CPU.ActiveCfg = Release|Any CPU
		{CA036462-133F-48A1-8BF1-2C768AAB5906}.Release|Any CPU.Build.0 = Release|Any CPU
		{5D3B9DCA-1A19-4934-9289-00700FEAF7E3}.Debug|Any CPU.ActiveCfg = Debug|Any CPU
		{5D3B9DCA-1A19-4934-9289-00700FEAF7E3}.Debug|Any CPU.Build.0 = Debug|Any CPU
		{5D3B9DCA-1A19-4934-9289-00700FEAF7E3}.Release|Any CPU.ActiveCfg = Release|Any CPU
		{5D3B9DCA-1A19-4934-9289-00700FEAF7E3}.Release|Any CPU.Build.0 = Release|Any CPU
		{8B15E141-2FD5-43EC-9F5E-1438FA30F08C}.Debug|Any CPU.ActiveCfg = Debug|Any CPU
		{8B15E141-2FD5-43EC-9F5E-1438FA30F08C}.Debug|Any CPU.Build.0 = Debug|Any CPU
		{8B15E141-2FD5-43EC-9F5E-1438FA30F08C}.Release|Any CPU.ActiveCfg = Release|Any CPU
		{8B15E141-2FD5-43EC-9F5E-1438FA30F08C}.Release|Any CPU.Build.0 = Release|Any CPU
	EndGlobalSection
	GlobalSection(SolutionProperties) = preSolution
		HideSolutionNode = FALSE
	EndGlobalSection
	GlobalSection(ExtensibilityGlobals) = postSolution
		SolutionGuid = {B03F7FFF-61DF-4E45-88C6-AFFD014AE50E}
	EndGlobalSection
EndGlobal
